
Microsoft Visual Studio Solution File, Format Version 12.00
# Visual Studio 15
VisualStudioVersion = 15.0.28307.539
MinimumVisualStudioVersion = 10.0.40219.1
Project("{FAE04EC0-301F-11D3-BF4B-00C04F79EFBC}") = "client", "client\client.csproj", "{2F5A8469-869D-4540-9E27-198E871FDAEB}"
EndProject
Global
	GlobalSection(SolutionConfigurationPlatforms) = preSolution
		Debug|Any CPU = Debug|Any CPU
		Release|Any CPU = Release|Any CPU
	EndGlobalSection
	GlobalSection(ProjectConfigurationPlatforms) = postSolution
		{2F5A8469-869D-4540-9E27-198E871FDAEB}.Debug|Any CPU.ActiveCfg = Debug|Any CPU
		{2F5A8469-869D-4540-9E27-198E871FDAEB}.Debug|Any CPU.Build.0 = Debug|Any CPU
		{2F5A8469-869D-4540-9E27-198E871FDAEB}.Release|Any CPU.ActiveCfg = Release|Any CPU
		{2F5A8469-869D-4540-9E27-198E871FDAEB}.Release|Any CPU.Build.0 = Release|Any CPU
	EndGlobalSection
	GlobalSection(SolutionProperties) = preSolution
		HideSolutionNode = FALSE
	EndGlobalSection
	GlobalSection(ExtensibilityGlobals) = postSolution
		SolutionGuid = {9B3F997F-29E3-4E38-9C8D-63D546837F97}
	EndGlobalSection
EndGlobal
